
Microsoft Visual Studio Solution File, Format Version 12.00
# Visual Studio 2015
Project("{FAE04EC0-301F-11D3-BF4B-00C04F79EFBC}") = "Cracked-master.CSharp", "Cracked-master.CSharp.csproj", "{3EDD719A-AACE-EE65-9C4C-A0A05FB0E6E3}"
EndProject
Global
	GlobalSection(SolutionConfigurationPlatforms) = preSolution
		Debug|Any CPU = Debug|Any CPU
		Release|Any CPU = Release|Any CPU
	EndGlobalSection
	GlobalSection(ProjectConfigurationPlatforms) = postSolution
		{3EDD719A-AACE-EE65-9C4C-A0A05FB0E6E3}.Debug|Any CPU.ActiveCfg = Debug|Any CPU
		{3EDD719A-AACE-EE65-9C4C-A0A05FB0E6E3}.Debug|Any CPU.Build.0 = Debug|Any CPU
		{3EDD719A-AACE-EE65-9C4C-A0A05FB0E6E3}.Release|Any CPU.ActiveCfg = Release|Any CPU
		{3EDD719A-AACE-EE65-9C4C-A0A05FB0E6E3}.Release|Any CPU.Build.0 = Release|Any CPU
	EndGlobalSection
	GlobalSection(SolutionProperties) = preSolution
		HideSolutionNode = FALSE
	EndGlobalSection
EndGlobal
